
Microsoft Visual Studio Solution File, Format Version 12.00
# Visual Studio Version 17
VisualStudioVersion = 17.10.35013.160
MinimumVisualStudioVersion = 10.0.40219.1
Project("{FAE04EC0-301F-11D3-BF4B-00C04F79EFBC}") = "ELearningWebAppUsingMVCArchitecture", "ELearningWebAppUsingMVCArchitecture\ELearningWebAppUsingMVCArchitecture.csproj", "{0703B5F2-F0D9-4268-A1FB-73573CD13E5B}"
EndProject
Global
	GlobalSection(SolutionConfigurationPlatforms) = preSolution
		Debug|Any CPU = Debug|Any CPU
		Release|Any CPU = Release|Any CPU
	EndGlobalSection
	GlobalSection(ProjectConfigurationPlatforms) = postSolution
		{0703B5F2-F0D9-4268-A1FB-73573CD13E5B}.Debug|Any CPU.ActiveCfg = Debug|Any CPU
		{0703B5F2-F0D9-4268-A1FB-73573CD13E5B}.Debug|Any CPU.Build.0 = Debug|Any CPU
		{0703B5F2-F0D9-4268-A1FB-73573CD13E5B}.Release|Any CPU.ActiveCfg = Release|Any CPU
		{0703B5F2-F0D9-4268-A1FB-73573CD13E5B}.Release|Any CPU.Build.0 = Release|Any CPU
	EndGlobalSection
	GlobalSection(SolutionProperties) = preSolution
		HideSolutionNode = FALSE
	EndGlobalSection
	GlobalSection(ExtensibilityGlobals) = postSolution
		SolutionGuid = {3707EA8F-55FE-48AB-A5E2-43161D995EF1}
	EndGlobalSection
EndGlobal
